
Microsoft Visual Studio Solution File, Format Version 12.00
# Visual Studio Version 17
VisualStudioVersion = 17.10.35013.160
MinimumVisualStudioVersion = 10.0.40219.1
Project("{FAE04EC0-301F-11D3-BF4B-00C04F79EFBC}") = "Timetamp", "Timetamp\Timetamp.csproj", "{0B6E6EBD-A475-48F1-B3C0-09FB0AC6CF42}"
EndProject
Global
	GlobalSection(SolutionConfigurationPlatforms) = preSolution
		Debug|Any CPU = Debug|Any CPU
		Release|Any CPU = Release|Any CPU
	EndGlobalSection
	GlobalSection(ProjectConfigurationPlatforms) = postSolution
		{0B6E6EBD-A475-48F1-B3C0-09FB0AC6CF42}.Debug|Any CPU.ActiveCfg = Debug|Any CPU
		{0B6E6EBD-A475-48F1-B3C0-09FB0AC6CF42}.Debug|Any CPU.Build.0 = Debug|Any CPU
		{0B6E6EBD-A475-48F1-B3C0-09FB0AC6CF42}.Release|Any CPU.ActiveCfg = Release|Any CPU
		{0B6E6EBD-A475-48F1-B3C0-09FB0AC6CF42}.Release|Any CPU.Build.0 = Release|Any CPU
	EndGlobalSection
	GlobalSection(SolutionProperties) = preSolution
		HideSolutionNode = FALSE
	EndGlobalSection
	GlobalSection(ExtensibilityGlobals) = postSolution
		SolutionGuid = {34AB1F63-ED13-43CA-B58F-F597F00CBDD6}
	EndGlobalSection
EndGlobal
